
Microsoft Visual Studio Solution File, Format Version 12.00
# Visual Studio Version 16
VisualStudioVersion = 16.0.29613.14
MinimumVisualStudioVersion = 10.0.40219.1
Project("{FAE04EC0-301F-11D3-BF4B-00C04F79EFBC}") = "BookShop.Models", "BookShop.Models\BookShop.Models.csproj", "{188A90B7-8C9B-4BC8-95C2-32BFACC22DC8}"
EndProject
Project("{FAE04EC0-301F-11D3-BF4B-00C04F79EFBC}") = "BookShop.ViewModels", "BookShop.ViewModels\BookShop.ViewModels.csproj", "{5CFAE0D9-85D3-43E3-9821-DAC27235E1ED}"
EndProject
Project("{2150E333-8FDC-42A3-9474-1A3956D46DE8}") = "视图模型", "视图模型", "{1FB8D92E-B992-477B-8171-9576B98DC4BE}"
EndProject
Project("{2150E333-8FDC-42A3-9474-1A3956D46DE8}") = "数据访问", "数据访问", "{CF1A54D3-A319-4AE6-AD7C-4F80ACF60BE0}"
EndProject
Project("{FAE04EC0-301F-11D3-BF4B-00C04F79EFBC}") = "BookShop.DAL", "BookShop.DAL\BookShop.DAL.csproj", "{0D6CFE02-400C-46CD-BCCC-7F69F60CC2C8}"
EndProject
Project("{2150E333-8FDC-42A3-9474-1A3956D46DE8}") = "业务逻辑", "业务逻辑", "{F31B0BBC-2B32-4E53-BC36-ED663A4D86A1}"
EndProject
Project("{FAE04EC0-301F-11D3-BF4B-00C04F79EFBC}") = "BookShop.BLL", "BookShop.BLL\BookShop.BLL.csproj", "{8028322D-BB7B-4071-97BA-3FF48C08762C}"
EndProject
Project("{2150E333-8FDC-42A3-9474-1A3956D46DE8}") = "网站项目", "网站项目", "{CBA32A6F-76B5-44EA-AA3E-DEDBA3CB0FA0}"
EndProject
Project("{FAE04EC0-301F-11D3-BF4B-00C04F79EFBC}") = "BS.Admin", "BS.Admin\BS.Admin.csproj", "{6A8D8CC6-9C87-4AD3-9940-93B2DDE6A964}"
EndProject
Project("{FAE04EC0-301F-11D3-BF4B-00C04F79EFBC}") = "BS.UL", "BS.UL\BS.UL.csproj", "{B6D8B8D8-FA17-41B2-9725-5DA30D594949}"
EndProject
Project("{2150E333-8FDC-42A3-9474-1A3956D46DE8}") = "通用类库", "通用类库", "{A7405515-BB63-4479-9094-0C8586F3ED0F}"
EndProject
Project("{FAE04EC0-301F-11D3-BF4B-00C04F79EFBC}") = "BookShop.Utils", "BookShop.Utils\BookShop.Utils.csproj", "{F2BA13FC-C154-43B1-BDB0-F7A1119D2B64}"
EndProject
Global
	GlobalSection(SolutionConfigurationPlatforms) = preSolution
		Debug|Any CPU = Debug|Any CPU
		Release|Any CPU = Release|Any CPU
	EndGlobalSection
	GlobalSection(ProjectConfigurationPlatforms) = postSolution
		{188A90B7-8C9B-4BC8-95C2-32BFACC22DC8}.Debug|Any CPU.ActiveCfg = Debug|Any CPU
		{188A90B7-8C9B-4BC8-95C2-32BFACC22DC8}.Debug|Any CPU.Build.0 = Debug|Any CPU
		{188A90B7-8C9B-4BC8-95C2-32BFACC22DC8}.Release|Any CPU.ActiveCfg = Release|Any CPU
		{188A90B7-8C9B-4BC8-95C2-32BFACC22DC8}.Release|Any CPU.Build.0 = Release|Any CPU
		{5CFAE0D9-85D3-43E3-9821-DAC27235E1ED}.Debug|Any CPU.ActiveCfg = Debug|Any CPU
		{5CFAE0D9-85D3-43E3-9821-DAC27235E1ED}.Debug|Any CPU.Build.0 = Debug|Any CPU
		{5CFAE0D9-85D3-43E3-9821-DAC27235E1ED}.Release|Any CPU.ActiveCfg = Release|Any CPU
		{5CFAE0D9-85D3-43E3-9821-DAC27235E1ED}.Release|Any CPU.Build.0 = Release|Any CPU
		{0D6CFE02-400C-46CD-BCCC-7F69F60CC2C8}.Debug|Any CPU.ActiveCfg = Debug|Any CPU
		{0D6CFE02-400C-46CD-BCCC-7F69F60CC2C8}.Debug|Any CPU.Build.0 = Debug|Any CPU
		{0D6CFE02-400C-46CD-BCCC-7F69F60CC2C8}.Release|Any CPU.ActiveCfg = Release|Any CPU
		{0D6CFE02-400C-46CD-BCCC-7F69F60CC2C8}.Release|Any CPU.Build.0 = Release|Any CPU
		{8028322D-BB7B-4071-97BA-3FF48C08762C}.Debug|Any CPU.ActiveCfg = Debug|Any CPU
		{8028322D-BB7B-4071-97BA-3FF48C08762C}.Debug|Any CPU.Build.0 = Debug|Any CPU
		{8028322D-BB7B-4071-97BA-3FF48C08762C}.Release|Any CPU.ActiveCfg = Release|Any CPU
		{8028322D-BB7B-4071-97BA-3FF48C08762C}.Release|Any CPU.Build.0 = Release|Any CPU
		{6A8D8CC6-9C87-4AD3-9940-93B2DDE6A964}.Debug|Any CPU.ActiveCfg = Debug|Any CPU
		{6A8D8CC6-9C87-4AD3-9940-93B2DDE6A964}.Debug|Any CPU.Build.0 = Debug|Any CPU
		{6A8D8CC6-9C87-4AD3-9940-93B2DDE6A964}.Release|Any CPU.ActiveCfg = Release|Any CPU
		{6A8D8CC6-9C87-4AD3-9940-93B2DDE6A964}.Release|Any CPU.Build.0 = Release|Any CPU
		{B6D8B8D8-FA17-41B2-9725-5DA30D594949}.Debug|Any CPU.ActiveCfg = Debug|Any CPU
		{B6D8B8D8-FA17-41B2-9725-5DA30D594949}.Debug|Any CPU.Build.0 = Debug|Any CPU
		{B6D8B8D8-FA17-41B2-9725-5DA30D594949}.Release|Any CPU.ActiveCfg = Release|Any CPU
		{B6D8B8D8-FA17-41B2-9725-5DA30D594949}.Release|Any CPU.Build.0 = Release|Any CPU
		{F2BA13FC-C154-43B1-BDB0-F7A1119D2B64}.Debug|Any CPU.ActiveCfg = Debug|Any CPU
		{F2BA13FC-C154-43B1-BDB0-F7A1119D2B64}.Debug|Any CPU.Build.0 = Debug|Any CPU
		{F2BA13FC-C154-43B1-BDB0-F7A1119D2B64}.Release|Any CPU.ActiveCfg = Release|Any CPU
		{F2BA13FC-C154-43B1-BDB0-F7A1119D2B64}.Release|Any CPU.Build.0 = Release|Any CPU
	EndGlobalSection
	GlobalSection(SolutionProperties) = preSolution
		HideSolutionNode = FALSE
	EndGlobalSection
	GlobalSection(NestedProjects) = preSolution
		{188A90B7-8C9B-4BC8-95C2-32BFACC22DC8} = {1FB8D92E-B992-477B-8171-9576B98DC4BE}
		{5CFAE0D9-85D3-43E3-9821-DAC27235E1ED} = {1FB8D92E-B992-477B-8171-9576B98DC4BE}
		{0D6CFE02-400C-46CD-BCCC-7F69F60CC2C8} = {CF1A54D3-A319-4AE6-AD7C-4F80ACF60BE0}
		{8028322D-BB7B-4071-97BA-3FF48C08762C} = {F31B0BBC-2B32-4E53-BC36-ED663A4D86A1}
		{6A8D8CC6-9C87-4AD3-9940-93B2DDE6A964} = {CBA32A6F-76B5-44EA-AA3E-DEDBA3CB0FA0}
		{B6D8B8D8-FA17-41B2-9725-5DA30D594949} = {CBA32A6F-76B5-44EA-AA3E-DEDBA3CB0FA0}
		{F2BA13FC-C154-43B1-BDB0-F7A1119D2B64} = {A7405515-BB63-4479-9094-0C8586F3ED0F}
	EndGlobalSection
	GlobalSection(ExtensibilityGlobals) = postSolution
		SolutionGuid = {27551A1D-1FE8-4BA9-8CE4-6733516D5294}
	EndGlobalSection
EndGlobal
